
Microsoft Visual Studio Solution File, Format Version 12.00
# Visual Studio Version 17
VisualStudioVersion = 17.2.32516.85
MinimumVisualStudioVersion = 10.0.40219.1
Project("{FAE04EC0-301F-11D3-BF4B-00C04F79EFBC}") = "DreamersDream", "DreamersDream.csproj", "{547A49AC-32E3-4422-9484-184E1FA544A9}"
EndProject
Global
	GlobalSection(SolutionConfigurationPlatforms) = preSolution
		Debug|Any CPU = Debug|Any CPU
		Release|Any CPU = Release|Any CPU
		RimWorld 1.2|Any CPU = RimWorld 1.2|Any CPU
		RimWorld 1.3|Any CPU = RimWorld 1.3|Any CPU
	EndGlobalSection
	GlobalSection(ProjectConfigurationPlatforms) = postSolution
		{547A49AC-32E3-4422-9484-184E1FA544A9}.Debug|Any CPU.ActiveCfg = Debug|Any CPU
		{547A49AC-32E3-4422-9484-184E1FA544A9}.Debug|Any CPU.Build.0 = Debug|Any CPU
		{547A49AC-32E3-4422-9484-184E1FA544A9}.Release|Any CPU.ActiveCfg = Release|Any CPU
		{547A49AC-32E3-4422-9484-184E1FA544A9}.Release|Any CPU.Build.0 = Release|Any CPU
		{547A49AC-32E3-4422-9484-184E1FA544A9}.RimWorld 1.2|Any CPU.ActiveCfg = RimWorld 1.2|Any CPU
		{547A49AC-32E3-4422-9484-184E1FA544A9}.RimWorld 1.2|Any CPU.Build.0 = RimWorld 1.2|Any CPU
		{547A49AC-32E3-4422-9484-184E1FA544A9}.RimWorld 1.3|Any CPU.ActiveCfg = RimWorld 1.2|Any CPU
		{547A49AC-32E3-4422-9484-184E1FA544A9}.RimWorld 1.3|Any CPU.Build.0 = RimWorld 1.2|Any CPU
	EndGlobalSection
	GlobalSection(SolutionProperties) = preSolution
		HideSolutionNode = FALSE
	EndGlobalSection
	GlobalSection(ExtensibilityGlobals) = postSolution
		SolutionGuid = {5FD30711-1793-4297-8AFC-AEA8EE98CD20}
	EndGlobalSection
EndGlobal
